
Microsoft Visual Studio Solution File, Format Version 12.00
# Visual Studio Version 17
VisualStudioVersion = 17.0.31919.166
MinimumVisualStudioVersion = 10.0.40219.1
Project("{8BC9CEB8-8B4A-11D0-8D11-00A0C91BC942}") = "client", "client.vcxproj", "{C925FF67-757B-4154-AC87-7CA1251F0EF7}"
EndProject
Project("{8BC9CEB8-8B4A-11D0-8D11-00A0C91BC942}") = "server-console", "server-console.vcxproj", "{5D41F0BF-2C59-4CE5-892E-DAD3B4106FEB}"
EndProject
Project("{8BC9CEB8-8B4A-11D0-8D11-00A0C91BC942}") = "log-file", "log-file.vcxproj", "{8EAA9DC8-0CCB-4C61-B7B3-5D9FCC11C332}"
EndProject
Project("{8BC9CEB8-8B4A-11D0-8D11-00A0C91BC942}") = "sockets", "sockets.vcxproj", "{7171423C-8A14-4FDB-A45C-BCAF8C3E5800}"
EndProject
Project("{2150E333-8FDC-42A3-9474-1A3956D46DE8}") = "Documents", "Documents", "{E79FC06A-7290-41E1-BB95-E7602D9E1D07}"
	ProjectSection(SolutionItems) = preProject
		..\..\sockets-kit\doc\windows-sockets-2.pdf = ..\..\sockets-kit\doc\windows-sockets-2.pdf
	EndProjectSection
EndProject
Global
	GlobalSection(SolutionConfigurationPlatforms) = preSolution
		Debug|x64 = Debug|x64
		Debug|x86 = Debug|x86
		Release|x64 = Release|x64
		Release|x86 = Release|x86
	EndGlobalSection
	GlobalSection(ProjectConfigurationPlatforms) = postSolution
		{C925FF67-757B-4154-AC87-7CA1251F0EF7}.Debug|x64.ActiveCfg = Debug|x64
		{C925FF67-757B-4154-AC87-7CA1251F0EF7}.Debug|x64.Build.0 = Debug|x64
		{C925FF67-757B-4154-AC87-7CA1251F0EF7}.Debug|x86.ActiveCfg = Debug|Win32
		{C925FF67-757B-4154-AC87-7CA1251F0EF7}.Debug|x86.Build.0 = Debug|Win32
		{C925FF67-757B-4154-AC87-7CA1251F0EF7}.Release|x64.ActiveCfg = Release|x64
		{C925FF67-757B-4154-AC87-7CA1251F0EF7}.Release|x64.Build.0 = Release|x64
		{C925FF67-757B-4154-AC87-7CA1251F0EF7}.Release|x86.ActiveCfg = Release|Win32
		{C925FF67-757B-4154-AC87-7CA1251F0EF7}.Release|x86.Build.0 = Release|Win32
		{5D41F0BF-2C59-4CE5-892E-DAD3B4106FEB}.Debug|x64.ActiveCfg = Debug|x64
		{5D41F0BF-2C59-4CE5-892E-DAD3B4106FEB}.Debug|x64.Build.0 = Debug|x64
		{5D41F0BF-2C59-4CE5-892E-DAD3B4106FEB}.Debug|x86.ActiveCfg = Debug|Win32
		{5D41F0BF-2C59-4CE5-892E-DAD3B4106FEB}.Debug|x86.Build.0 = Debug|Win32
		{5D41F0BF-2C59-4CE5-892E-DAD3B4106FEB}.Release|x64.ActiveCfg = Release|x64
		{5D41F0BF-2C59-4CE5-892E-DAD3B4106FEB}.Release|x64.Build.0 = Release|x64
		{5D41F0BF-2C59-4CE5-892E-DAD3B4106FEB}.Release|x86.ActiveCfg = Release|Win32
		{5D41F0BF-2C59-4CE5-892E-DAD3B4106FEB}.Release|x86.Build.0 = Release|Win32
		{8EAA9DC8-0CCB-4C61-B7B3-5D9FCC11C332}.Debug|x64.ActiveCfg = Debug|x64
		{8EAA9DC8-0CCB-4C61-B7B3-5D9FCC11C332}.Debug|x64.Build.0 = Debug|x64
		{8EAA9DC8-0CCB-4C61-B7B3-5D9FCC11C332}.Debug|x86.ActiveCfg = Debug|Win32
		{8EAA9DC8-0CCB-4C61-B7B3-5D9FCC11C332}.Debug|x86.Build.0 = Debug|Win32
		{8EAA9DC8-0CCB-4C61-B7B3-5D9FCC11C332}.Release|x64.ActiveCfg = Release|x64
		{8EAA9DC8-0CCB-4C61-B7B3-5D9FCC11C332}.Release|x64.Build.0 = Release|x64
		{8EAA9DC8-0CCB-4C61-B7B3-5D9FCC11C332}.Release|x86.ActiveCfg = Release|Win32
		{8EAA9DC8-0CCB-4C61-B7B3-5D9FCC11C332}.Release|x86.Build.0 = Release|Win32
		{7171423C-8A14-4FDB-A45C-BCAF8C3E5800}.Debug|x64.ActiveCfg = Debug|x64
		{7171423C-8A14-4FDB-A45C-BCAF8C3E5800}.Debug|x64.Build.0 = Debug|x64
		{7171423C-8A14-4FDB-A45C-BCAF8C3E5800}.Debug|x86.ActiveCfg = Debug|Win32
		{7171423C-8A14-4FDB-A45C-BCAF8C3E5800}.Debug|x86.Build.0 = Debug|Win32
		{7171423C-8A14-4FDB-A45C-BCAF8C3E5800}.Release|x64.ActiveCfg = Release|x64
		{7171423C-8A14-4FDB-A45C-BCAF8C3E5800}.Release|x64.Build.0 = Release|x64
		{7171423C-8A14-4FDB-A45C-BCAF8C3E5800}.Release|x86.ActiveCfg = Release|Win32
		{7171423C-8A14-4FDB-A45C-BCAF8C3E5800}.Release|x86.Build.0 = Release|Win32
	EndGlobalSection
	GlobalSection(SolutionProperties) = preSolution
		HideSolutionNode = FALSE
	EndGlobalSection
	GlobalSection(ExtensibilityGlobals) = postSolution
		SolutionGuid = {05843BF9-479C-43B5-AC69-F90902152EAD}
	EndGlobalSection
EndGlobal
